---
schema: '2.0'
stages:
  build:
    cmd: Rscript stages/download.R
    deps:
    - checksum: '308151993323152722451194344924838091589'
      hash: md5
      path: https://clowder.edap-cluster.com/spaces/62bb560ee4b07abf29f88fef
      size: 33866
    - hash: md5
      md5: ec800973d471bab40b8abda8e60f39cc
      path: stages/download.R
      size: 1025
    outs:
    - hash: md5
      md5: 110a6e966af64a8ad0c686b7bf8c908e.dir
      nfiles: 4
      path: brick/invitrodb.parquet
      size: 718228060
