schema: '2.0'
stages:
  1-stage:
    cmd: Rscript stages/01-stage.R
    deps:
    - path: stages/01-stage.R
      md5: c468dc14527e00c339f146e1dba2bd3b
      size: 118
    outs:
    - path: data/mtcars.parquet
      md5: 77cf29accf9535522fad7db1486eff9a
      size: 6243
  build:
    cmd: Rscript stages/download.R
    deps:
    - path: https://clowder.edap-cluster.com/spaces/62bb560ee4b07abf29f88fef
      hash: md5
      checksum: '308151993323152722451194344924838091589'
      size: 33866
    outs:
    - path: brick/invitrodb.parquet
      hash: md5
      md5: c1b8f4717ddbc96732bfad7c78257edc.dir
      size: 722321276
      nfiles: 4
